
Microsoft Visual Studio Solution File, Format Version 12.00
# Visual Studio Version 16
VisualStudioVersion = 16.0.29613.14
MinimumVisualStudioVersion = 10.0.40219.1
Project("{9A19103F-16F7-4668-BE54-9A1E7A4F7556}") = "TVProgViewer.WebUI", "TVProgViewer.WebUI\TVProgViewer.WebUI.csproj", "{E6B6C1C8-BDE3-463F-A3F4-9DE5462F42EC}"
EndProject
Project("{9A19103F-16F7-4668-BE54-9A1E7A4F7556}") = "DataAccess", "..\DataAccess\DataAccess.csproj", "{5F6727AA-FC53-444B-A9AE-85B0875AAE1C}"
EndProject
Project("{9A19103F-16F7-4668-BE54-9A1E7A4F7556}") = "TVProgViewer.Core", "TVProgViewer.Core\TVProgViewer.Core.csproj", "{54F3F148-033F-4F04-8553-DD8D6BCC383C}"
EndProject
Project("{9A19103F-16F7-4668-BE54-9A1E7A4F7556}") = "TVProgViewer.Services", "TVProgViewer.Services\TVProgViewer.Services.csproj", "{F9E3C084-B6DF-4975-BB14-B5D59CA1D323}"
EndProject
Project("{9A19103F-16F7-4668-BE54-9A1E7A4F7556}") = "TVProgViewer.Web.Framework", "TVProgViewer.Framework\TVProgViewer.Web.Framework.csproj", "{3A853FB0-D6F7-4B97-AD0A-F02E2BA5D51C}"
EndProject
Project("{9A19103F-16F7-4668-BE54-9A1E7A4F7556}") = "TVProgViewer.Data", "TVProgViewer.Data\TVProgViewer.Data.csproj", "{D8AB85F4-67DB-4556-A653-BB3F9334AB42}"
EndProject
Global
	GlobalSection(SolutionConfigurationPlatforms) = preSolution
		Debug|Any CPU = Debug|Any CPU
		Release|Any CPU = Release|Any CPU
	EndGlobalSection
	GlobalSection(ProjectConfigurationPlatforms) = postSolution
		{E6B6C1C8-BDE3-463F-A3F4-9DE5462F42EC}.Debug|Any CPU.ActiveCfg = Debug|Any CPU
		{E6B6C1C8-BDE3-463F-A3F4-9DE5462F42EC}.Debug|Any CPU.Build.0 = Debug|Any CPU
		{E6B6C1C8-BDE3-463F-A3F4-9DE5462F42EC}.Release|Any CPU.ActiveCfg = Release|Any CPU
		{E6B6C1C8-BDE3-463F-A3F4-9DE5462F42EC}.Release|Any CPU.Build.0 = Release|Any CPU
		{5F6727AA-FC53-444B-A9AE-85B0875AAE1C}.Debug|Any CPU.ActiveCfg = Debug|Any CPU
		{5F6727AA-FC53-444B-A9AE-85B0875AAE1C}.Debug|Any CPU.Build.0 = Debug|Any CPU
		{5F6727AA-FC53-444B-A9AE-85B0875AAE1C}.Release|Any CPU.ActiveCfg = Release|Any CPU
		{5F6727AA-FC53-444B-A9AE-85B0875AAE1C}.Release|Any CPU.Build.0 = Release|Any CPU
		{54F3F148-033F-4F04-8553-DD8D6BCC383C}.Debug|Any CPU.ActiveCfg = Debug|Any CPU
		{54F3F148-033F-4F04-8553-DD8D6BCC383C}.Debug|Any CPU.Build.0 = Debug|Any CPU
		{54F3F148-033F-4F04-8553-DD8D6BCC383C}.Release|Any CPU.ActiveCfg = Release|Any CPU
		{54F3F148-033F-4F04-8553-DD8D6BCC383C}.Release|Any CPU.Build.0 = Release|Any CPU
		{F9E3C084-B6DF-4975-BB14-B5D59CA1D323}.Debug|Any CPU.ActiveCfg = Debug|Any CPU
		{F9E3C084-B6DF-4975-BB14-B5D59CA1D323}.Debug|Any CPU.Build.0 = Debug|Any CPU
		{F9E3C084-B6DF-4975-BB14-B5D59CA1D323}.Release|Any CPU.ActiveCfg = Release|Any CPU
		{F9E3C084-B6DF-4975-BB14-B5D59CA1D323}.Release|Any CPU.Build.0 = Release|Any CPU
		{3A853FB0-D6F7-4B97-AD0A-F02E2BA5D51C}.Debug|Any CPU.ActiveCfg = Debug|Any CPU
		{3A853FB0-D6F7-4B97-AD0A-F02E2BA5D51C}.Debug|Any CPU.Build.0 = Debug|Any CPU
		{3A853FB0-D6F7-4B97-AD0A-F02E2BA5D51C}.Release|Any CPU.ActiveCfg = Release|Any CPU
		{3A853FB0-D6F7-4B97-AD0A-F02E2BA5D51C}.Release|Any CPU.Build.0 = Release|Any CPU
		{D8AB85F4-67DB-4556-A653-BB3F9334AB42}.Debug|Any CPU.ActiveCfg = Debug|Any CPU
		{D8AB85F4-67DB-4556-A653-BB3F9334AB42}.Debug|Any CPU.Build.0 = Debug|Any CPU
		{D8AB85F4-67DB-4556-A653-BB3F9334AB42}.Release|Any CPU.ActiveCfg = Release|Any CPU
		{D8AB85F4-67DB-4556-A653-BB3F9334AB42}.Release|Any CPU.Build.0 = Release|Any CPU
	EndGlobalSection
	GlobalSection(SolutionProperties) = preSolution
		HideSolutionNode = FALSE
	EndGlobalSection
	GlobalSection(ExtensibilityGlobals) = postSolution
		SolutionGuid = {AFADE437-9276-41F9-9F3A-F9C74233E86A}
	EndGlobalSection
EndGlobal
