
Microsoft Visual Studio Solution File, Format Version 12.00
# Visual Studio 15
VisualStudioVersion = 15.0.27130.2024
MinimumVisualStudioVersion = 10.0.40219.1
Project("{FAE04EC0-301F-11D3-BF4B-00C04F79EFBC}") = "DataAccess", "..\DataAccess\DataAccess.csproj", "{5F6727AA-FC53-444B-A9AE-85B0875AAE1C}"
EndProject
Project("{FAE04EC0-301F-11D3-BF4B-00C04F79EFBC}") = "TVProgService", "..\TVProgService\TVProgService.csproj", "{8F7607C2-164F-45AC-821B-9A3B45F9765F}"
EndProject
Project("{FAE04EC0-301F-11D3-BF4B-00C04F79EFBC}") = "BusinessLogic", "..\BusinessLogic\BusinessLogic.csproj", "{F6F67817-5D76-4FC0-B46C-C1C4B82E5142}"
EndProject
Project("{FAE04EC0-301F-11D3-BF4B-00C04F79EFBC}") = "TVProgViewer.WebUI", "TVProgViewer.WebUI\TVProgViewer.WebUI.csproj", "{F1D09B48-01F4-448D-AD27-A85FAE93F914}"
	ProjectSection(ProjectDependencies) = postProject
		{8F7607C2-164F-45AC-821B-9A3B45F9765F} = {8F7607C2-164F-45AC-821B-9A3B45F9765F}
	EndProjectSection
EndProject
Project("{FAE04EC0-301F-11D3-BF4B-00C04F79EFBC}") = "TVProgViewer.UnitTests", "TVProgViewer.UnitTests\TVProgViewer.UnitTests.csproj", "{FF957468-E6CD-4C85-9E74-5F977B6AC47C}"
	ProjectSection(ProjectDependencies) = postProject
		{8F7607C2-164F-45AC-821B-9A3B45F9765F} = {8F7607C2-164F-45AC-821B-9A3B45F9765F}
	EndProjectSection
EndProject
Project("{FAE04EC0-301F-11D3-BF4B-00C04F79EFBC}") = "CryptoService", "..\CryptoService\CryptoService.csproj", "{FD2B3C57-7107-4F56-A17E-F0251A8C5016}"
EndProject
Project("{FAE04EC0-301F-11D3-BF4B-00C04F79EFBC}") = "Common", "..\Common\Common.csproj", "{D29070E9-6088-4EB4-AAC5-319FD85E42CD}"
EndProject
Global
	GlobalSection(SolutionConfigurationPlatforms) = preSolution
		Debug|Any CPU = Debug|Any CPU
		Debug|ARM = Debug|ARM
		Debug|x64 = Debug|x64
		Debug|x86 = Debug|x86
		Release|Any CPU = Release|Any CPU
		Release|ARM = Release|ARM
		Release|x64 = Release|x64
		Release|x86 = Release|x86
	EndGlobalSection
	GlobalSection(ProjectConfigurationPlatforms) = postSolution
		{5F6727AA-FC53-444B-A9AE-85B0875AAE1C}.Debug|Any CPU.ActiveCfg = Debug|Any CPU
		{5F6727AA-FC53-444B-A9AE-85B0875AAE1C}.Debug|Any CPU.Build.0 = Debug|Any CPU
		{5F6727AA-FC53-444B-A9AE-85B0875AAE1C}.Debug|ARM.ActiveCfg = Debug|Any CPU
		{5F6727AA-FC53-444B-A9AE-85B0875AAE1C}.Debug|ARM.Build.0 = Debug|Any CPU
		{5F6727AA-FC53-444B-A9AE-85B0875AAE1C}.Debug|x64.ActiveCfg = Debug|Any CPU
		{5F6727AA-FC53-444B-A9AE-85B0875AAE1C}.Debug|x64.Build.0 = Debug|Any CPU
		{5F6727AA-FC53-444B-A9AE-85B0875AAE1C}.Debug|x86.ActiveCfg = Debug|Any CPU
		{5F6727AA-FC53-444B-A9AE-85B0875AAE1C}.Debug|x86.Build.0 = Debug|Any CPU
		{5F6727AA-FC53-444B-A9AE-85B0875AAE1C}.Release|Any CPU.ActiveCfg = Release|Any CPU
		{5F6727AA-FC53-444B-A9AE-85B0875AAE1C}.Release|Any CPU.Build.0 = Release|Any CPU
		{5F6727AA-FC53-444B-A9AE-85B0875AAE1C}.Release|ARM.ActiveCfg = Release|Any CPU
		{5F6727AA-FC53-444B-A9AE-85B0875AAE1C}.Release|ARM.Build.0 = Release|Any CPU
		{5F6727AA-FC53-444B-A9AE-85B0875AAE1C}.Release|x64.ActiveCfg = Release|Any CPU
		{5F6727AA-FC53-444B-A9AE-85B0875AAE1C}.Release|x64.Build.0 = Release|Any CPU
		{5F6727AA-FC53-444B-A9AE-85B0875AAE1C}.Release|x86.ActiveCfg = Release|Any CPU
		{5F6727AA-FC53-444B-A9AE-85B0875AAE1C}.Release|x86.Build.0 = Release|Any CPU
		{8F7607C2-164F-45AC-821B-9A3B45F9765F}.Debug|Any CPU.ActiveCfg = Debug|Any CPU
		{8F7607C2-164F-45AC-821B-9A3B45F9765F}.Debug|Any CPU.Build.0 = Debug|Any CPU
		{8F7607C2-164F-45AC-821B-9A3B45F9765F}.Debug|ARM.ActiveCfg = Debug|Any CPU
		{8F7607C2-164F-45AC-821B-9A3B45F9765F}.Debug|ARM.Build.0 = Debug|Any CPU
		{8F7607C2-164F-45AC-821B-9A3B45F9765F}.Debug|x64.ActiveCfg = Debug|Any CPU
		{8F7607C2-164F-45AC-821B-9A3B45F9765F}.Debug|x64.Build.0 = Debug|Any CPU
		{8F7607C2-164F-45AC-821B-9A3B45F9765F}.Debug|x86.ActiveCfg = Debug|Any CPU
		{8F7607C2-164F-45AC-821B-9A3B45F9765F}.Debug|x86.Build.0 = Debug|Any CPU
		{8F7607C2-164F-45AC-821B-9A3B45F9765F}.Release|Any CPU.ActiveCfg = Release|Any CPU
		{8F7607C2-164F-45AC-821B-9A3B45F9765F}.Release|Any CPU.Build.0 = Release|Any CPU
		{8F7607C2-164F-45AC-821B-9A3B45F9765F}.Release|ARM.ActiveCfg = Release|Any CPU
		{8F7607C2-164F-45AC-821B-9A3B45F9765F}.Release|ARM.Build.0 = Release|Any CPU
		{8F7607C2-164F-45AC-821B-9A3B45F9765F}.Release|x64.ActiveCfg = Release|Any CPU
		{8F7607C2-164F-45AC-821B-9A3B45F9765F}.Release|x64.Build.0 = Release|Any CPU
		{8F7607C2-164F-45AC-821B-9A3B45F9765F}.Release|x86.ActiveCfg = Release|Any CPU
		{8F7607C2-164F-45AC-821B-9A3B45F9765F}.Release|x86.Build.0 = Release|Any CPU
		{F6F67817-5D76-4FC0-B46C-C1C4B82E5142}.Debug|Any CPU.ActiveCfg = Debug|Any CPU
		{F6F67817-5D76-4FC0-B46C-C1C4B82E5142}.Debug|Any CPU.Build.0 = Debug|Any CPU
		{F6F67817-5D76-4FC0-B46C-C1C4B82E5142}.Debug|ARM.ActiveCfg = Debug|Any CPU
		{F6F67817-5D76-4FC0-B46C-C1C4B82E5142}.Debug|ARM.Build.0 = Debug|Any CPU
		{F6F67817-5D76-4FC0-B46C-C1C4B82E5142}.Debug|x64.ActiveCfg = Debug|Any CPU
		{F6F67817-5D76-4FC0-B46C-C1C4B82E5142}.Debug|x64.Build.0 = Debug|Any CPU
		{F6F67817-5D76-4FC0-B46C-C1C4B82E5142}.Debug|x86.ActiveCfg = Debug|Any CPU
		{F6F67817-5D76-4FC0-B46C-C1C4B82E5142}.Debug|x86.Build.0 = Debug|Any CPU
		{F6F67817-5D76-4FC0-B46C-C1C4B82E5142}.Release|Any CPU.ActiveCfg = Release|Any CPU
		{F6F67817-5D76-4FC0-B46C-C1C4B82E5142}.Release|Any CPU.Build.0 = Release|Any CPU
		{F6F67817-5D76-4FC0-B46C-C1C4B82E5142}.Release|ARM.ActiveCfg = Release|Any CPU
		{F6F67817-5D76-4FC0-B46C-C1C4B82E5142}.Release|ARM.Build.0 = Release|Any CPU
		{F6F67817-5D76-4FC0-B46C-C1C4B82E5142}.Release|x64.ActiveCfg = Release|Any CPU
		{F6F67817-5D76-4FC0-B46C-C1C4B82E5142}.Release|x64.Build.0 = Release|Any CPU
		{F6F67817-5D76-4FC0-B46C-C1C4B82E5142}.Release|x86.ActiveCfg = Release|Any CPU
		{F6F67817-5D76-4FC0-B46C-C1C4B82E5142}.Release|x86.Build.0 = Release|Any CPU
		{F1D09B48-01F4-448D-AD27-A85FAE93F914}.Debug|Any CPU.ActiveCfg = Debug|Any CPU
		{F1D09B48-01F4-448D-AD27-A85FAE93F914}.Debug|Any CPU.Build.0 = Debug|Any CPU
		{F1D09B48-01F4-448D-AD27-A85FAE93F914}.Debug|ARM.ActiveCfg = Debug|Any CPU
		{F1D09B48-01F4-448D-AD27-A85FAE93F914}.Debug|ARM.Build.0 = Debug|Any CPU
		{F1D09B48-01F4-448D-AD27-A85FAE93F914}.Debug|x64.ActiveCfg = Debug|Any CPU
		{F1D09B48-01F4-448D-AD27-A85FAE93F914}.Debug|x64.Build.0 = Debug|Any CPU
		{F1D09B48-01F4-448D-AD27-A85FAE93F914}.Debug|x86.ActiveCfg = Debug|Any CPU
		{F1D09B48-01F4-448D-AD27-A85FAE93F914}.Debug|x86.Build.0 = Debug|Any CPU
		{F1D09B48-01F4-448D-AD27-A85FAE93F914}.Release|Any CPU.ActiveCfg = Release|Any CPU
		{F1D09B48-01F4-448D-AD27-A85FAE93F914}.Release|Any CPU.Build.0 = Release|Any CPU
		{F1D09B48-01F4-448D-AD27-A85FAE93F914}.Release|ARM.ActiveCfg = Release|Any CPU
		{F1D09B48-01F4-448D-AD27-A85FAE93F914}.Release|ARM.Build.0 = Release|Any CPU
		{F1D09B48-01F4-448D-AD27-A85FAE93F914}.Release|x64.ActiveCfg = Release|Any CPU
		{F1D09B48-01F4-448D-AD27-A85FAE93F914}.Release|x64.Build.0 = Release|Any CPU
		{F1D09B48-01F4-448D-AD27-A85FAE93F914}.Release|x86.ActiveCfg = Release|Any CPU
		{F1D09B48-01F4-448D-AD27-A85FAE93F914}.Release|x86.Build.0 = Release|Any CPU
		{FF957468-E6CD-4C85-9E74-5F977B6AC47C}.Debug|Any CPU.ActiveCfg = Debug|Any CPU
		{FF957468-E6CD-4C85-9E74-5F977B6AC47C}.Debug|Any CPU.Build.0 = Debug|Any CPU
		{FF957468-E6CD-4C85-9E74-5F977B6AC47C}.Debug|ARM.ActiveCfg = Debug|Any CPU
		{FF957468-E6CD-4C85-9E74-5F977B6AC47C}.Debug|ARM.Build.0 = Debug|Any CPU
		{FF957468-E6CD-4C85-9E74-5F977B6AC47C}.Debug|x64.ActiveCfg = Debug|Any CPU
		{FF957468-E6CD-4C85-9E74-5F977B6AC47C}.Debug|x64.Build.0 = Debug|Any CPU
		{FF957468-E6CD-4C85-9E74-5F977B6AC47C}.Debug|x86.ActiveCfg = Debug|Any CPU
		{FF957468-E6CD-4C85-9E74-5F977B6AC47C}.Debug|x86.Build.0 = Debug|Any CPU
		{FF957468-E6CD-4C85-9E74-5F977B6AC47C}.Release|Any CPU.ActiveCfg = Release|Any CPU
		{FF957468-E6CD-4C85-9E74-5F977B6AC47C}.Release|Any CPU.Build.0 = Release|Any CPU
		{FF957468-E6CD-4C85-9E74-5F977B6AC47C}.Release|ARM.ActiveCfg = Release|Any CPU
		{FF957468-E6CD-4C85-9E74-5F977B6AC47C}.Release|ARM.Build.0 = Release|Any CPU
		{FF957468-E6CD-4C85-9E74-5F977B6AC47C}.Release|x64.ActiveCfg = Release|Any CPU
		{FF957468-E6CD-4C85-9E74-5F977B6AC47C}.Release|x64.Build.0 = Release|Any CPU
		{FF957468-E6CD-4C85-9E74-5F977B6AC47C}.Release|x86.ActiveCfg = Release|Any CPU
		{FF957468-E6CD-4C85-9E74-5F977B6AC47C}.Release|x86.Build.0 = Release|Any CPU
		{FD2B3C57-7107-4F56-A17E-F0251A8C5016}.Debug|Any CPU.ActiveCfg = Debug|Any CPU
		{FD2B3C57-7107-4F56-A17E-F0251A8C5016}.Debug|Any CPU.Build.0 = Debug|Any CPU
		{FD2B3C57-7107-4F56-A17E-F0251A8C5016}.Debug|ARM.ActiveCfg = Debug|Any CPU
		{FD2B3C57-7107-4F56-A17E-F0251A8C5016}.Debug|ARM.Build.0 = Debug|Any CPU
		{FD2B3C57-7107-4F56-A17E-F0251A8C5016}.Debug|x64.ActiveCfg = Debug|Any CPU
		{FD2B3C57-7107-4F56-A17E-F0251A8C5016}.Debug|x64.Build.0 = Debug|Any CPU
		{FD2B3C57-7107-4F56-A17E-F0251A8C5016}.Debug|x86.ActiveCfg = Debug|Any CPU
		{FD2B3C57-7107-4F56-A17E-F0251A8C5016}.Debug|x86.Build.0 = Debug|Any CPU
		{FD2B3C57-7107-4F56-A17E-F0251A8C5016}.Release|Any CPU.ActiveCfg = Release|Any CPU
		{FD2B3C57-7107-4F56-A17E-F0251A8C5016}.Release|Any CPU.Build.0 = Release|Any CPU
		{FD2B3C57-7107-4F56-A17E-F0251A8C5016}.Release|ARM.ActiveCfg = Release|Any CPU
		{FD2B3C57-7107-4F56-A17E-F0251A8C5016}.Release|ARM.Build.0 = Release|Any CPU
		{FD2B3C57-7107-4F56-A17E-F0251A8C5016}.Release|x64.ActiveCfg = Release|Any CPU
		{FD2B3C57-7107-4F56-A17E-F0251A8C5016}.Release|x64.Build.0 = Release|Any CPU
		{FD2B3C57-7107-4F56-A17E-F0251A8C5016}.Release|x86.ActiveCfg = Release|Any CPU
		{FD2B3C57-7107-4F56-A17E-F0251A8C5016}.Release|x86.Build.0 = Release|Any CPU
		{D29070E9-6088-4EB4-AAC5-319FD85E42CD}.Debug|Any CPU.ActiveCfg = Debug|Any CPU
		{D29070E9-6088-4EB4-AAC5-319FD85E42CD}.Debug|Any CPU.Build.0 = Debug|Any CPU
		{D29070E9-6088-4EB4-AAC5-319FD85E42CD}.Debug|ARM.ActiveCfg = Debug|Any CPU
		{D29070E9-6088-4EB4-AAC5-319FD85E42CD}.Debug|ARM.Build.0 = Debug|Any CPU
		{D29070E9-6088-4EB4-AAC5-319FD85E42CD}.Debug|x64.ActiveCfg = Debug|Any CPU
		{D29070E9-6088-4EB4-AAC5-319FD85E42CD}.Debug|x64.Build.0 = Debug|Any CPU
		{D29070E9-6088-4EB4-AAC5-319FD85E42CD}.Debug|x86.ActiveCfg = Debug|Any CPU
		{D29070E9-6088-4EB4-AAC5-319FD85E42CD}.Debug|x86.Build.0 = Debug|Any CPU
		{D29070E9-6088-4EB4-AAC5-319FD85E42CD}.Release|Any CPU.ActiveCfg = Release|Any CPU
		{D29070E9-6088-4EB4-AAC5-319FD85E42CD}.Release|Any CPU.Build.0 = Release|Any CPU
		{D29070E9-6088-4EB4-AAC5-319FD85E42CD}.Release|ARM.ActiveCfg = Release|Any CPU
		{D29070E9-6088-4EB4-AAC5-319FD85E42CD}.Release|ARM.Build.0 = Release|Any CPU
		{D29070E9-6088-4EB4-AAC5-319FD85E42CD}.Release|x64.ActiveCfg = Release|Any CPU
		{D29070E9-6088-4EB4-AAC5-319FD85E42CD}.Release|x64.Build.0 = Release|Any CPU
		{D29070E9-6088-4EB4-AAC5-319FD85E42CD}.Release|x86.ActiveCfg = Release|Any CPU
		{D29070E9-6088-4EB4-AAC5-319FD85E42CD}.Release|x86.Build.0 = Release|Any CPU
	EndGlobalSection
	GlobalSection(SolutionProperties) = preSolution
		HideSolutionNode = FALSE
	EndGlobalSection
	GlobalSection(ExtensibilityGlobals) = postSolution
		SolutionGuid = {8E802085-0B62-4D4B-893E-75BCE259F0F0}
	EndGlobalSection
EndGlobal
